
Microsoft Visual Studio Solution File, Format Version 12.00
Project("{FAE04EC0-301F-11D3-BF4B-00C04F79EFBC}") = "BlazorExample", "BlazorExample.csproj", "{2A48B5D2-18D8-45DC-B466-DAB0EA83CCD9}"
EndProject
Project("{FAE04EC0-301F-11D3-BF4B-00C04F79EFBC}") = "ImageBlur", "..\..\ImageBlur\ImageBlur.csproj", "{BAE9B661-8AA4-491A-800F-943D397AD42A}"
EndProject
Global
	GlobalSection(SolutionConfigurationPlatforms) = preSolution
		Debug|Any CPU = Debug|Any CPU
		Release|Any CPU = Release|Any CPU
	EndGlobalSection
	GlobalSection(ProjectConfigurationPlatforms) = postSolution
		{2A48B5D2-18D8-45DC-B466-DAB0EA83CCD9}.Debug|Any CPU.ActiveCfg = Debug|Any CPU
		{2A48B5D2-18D8-45DC-B466-DAB0EA83CCD9}.Debug|Any CPU.Build.0 = Debug|Any CPU
		{2A48B5D2-18D8-45DC-B466-DAB0EA83CCD9}.Release|Any CPU.ActiveCfg = Release|Any CPU
		{2A48B5D2-18D8-45DC-B466-DAB0EA83CCD9}.Release|Any CPU.Build.0 = Release|Any CPU
		{BAE9B661-8AA4-491A-800F-943D397AD42A}.Debug|Any CPU.ActiveCfg = Debug|Any CPU
		{BAE9B661-8AA4-491A-800F-943D397AD42A}.Debug|Any CPU.Build.0 = Debug|Any CPU
		{BAE9B661-8AA4-491A-800F-943D397AD42A}.Release|Any CPU.ActiveCfg = Release|Any CPU
		{BAE9B661-8AA4-491A-800F-943D397AD42A}.Release|Any CPU.Build.0 = Release|Any CPU
	EndGlobalSection
EndGlobal
